
Microsoft Visual Studio Solution File, Format Version 12.00
# Visual Studio Version 17
VisualStudioVersion = 17.0.32014.148
MinimumVisualStudioVersion = 10.0.40219.1
Project("{FAE04EC0-301F-11D3-BF4B-00C04F79EFBC}") = "DPDExtractor", "DPDExtractor\DPDExtractor.csproj", "{22DF9E27-753C-4578-866E-13DFF4D317ED}"
EndProject
Global
	GlobalSection(SolutionConfigurationPlatforms) = preSolution
		Debug|Any CPU = Debug|Any CPU
		Release|Any CPU = Release|Any CPU
	EndGlobalSection
	GlobalSection(ProjectConfigurationPlatforms) = postSolution
		{22DF9E27-753C-4578-866E-13DFF4D317ED}.Debug|Any CPU.ActiveCfg = Debug|Any CPU
		{22DF9E27-753C-4578-866E-13DFF4D317ED}.Debug|Any CPU.Build.0 = Debug|Any CPU
		{22DF9E27-753C-4578-866E-13DFF4D317ED}.Release|Any CPU.ActiveCfg = Release|Any CPU
		{22DF9E27-753C-4578-866E-13DFF4D317ED}.Release|Any CPU.Build.0 = Release|Any CPU
	EndGlobalSection
	GlobalSection(SolutionProperties) = preSolution
		HideSolutionNode = FALSE
	EndGlobalSection
	GlobalSection(ExtensibilityGlobals) = postSolution
		SolutionGuid = {A57FC605-8D74-4D7B-B06C-BBC402036980}
	EndGlobalSection
EndGlobal
